// !$*UTF8*$!
{
	archiveVersion = 1;
	classes = {
	};
	objectVersion = 46;
	objects = {

/* Begin PBXBuildFile section */
		968193631B7F7ADB00867649 /* main.m in Sources */ = {isa = PBXBuildFile; fileRef = 968193621B7F7ADB00867649 /* main.m */; };
		968193661B7F7ADB00867649 /* AppDelegate.m in Sources */ = {isa = PBXBuildFile; fileRef = 968193651B7F7ADB00867649 /* AppDelegate.m */; };
		968193691B7F7ADB00867649 /* ViewController.m in Sources */ = {isa = PBXBuildFile; fileRef = 968193681B7F7ADB00867649 /* ViewController.m */; };
		9681936C1B7F7ADB00867649 /* Main.storyboard in Resources */ = {isa = PBXBuildFile; fileRef = 9681936A1B7F7ADB00867649 /* Main.storyboard */; };
		9681936E1B7F7ADB00867649 /* Images.xcassets in Resources */ = {isa = PBXBuildFile; fileRef = 9681936D1B7F7ADB00867649 /* Images.xcassets */; };
		968193711B7F7ADB00867649 /* LaunchScreen.xib in Resources */ = {isa = PBXBuildFile; fileRef = 9681936F1B7F7ADB00867649 /* LaunchScreen.xib */; };
		9681937D1B7F7ADB00867649 /* kidkeeper_iosTests.m in Sources */ = {isa = PBXBuildFile; fileRef = 9681937C1B7F7ADB00867649 /* kidkeeper_iosTests.m */; };
/* End PBXBuildFile section */

/* Begin PBXContainerItemProxy section */
		968193771B7F7ADB00867649 /* PBXContainerItemProxy */ = {
			isa = PBXContainerItemProxy;
			containerPortal = 968193551B7F7ADA00867649 /* Project object */;
			proxyType = 1;
			remoteGlobalIDString = 9681935C1B7F7ADA00867649;
			remoteInfo = "kidkeeper-ios";
		};
/* End PBXContainerItemProxy section */

/* Begin PBXFileReference section */
		9681935D1B7F7ADB00867649 /* kidkeeper-ios.app */ = {isa = PBXFileReference; explicitFileType = wrapper.application; includeInIndex = 0; path = "kidkeeper-ios.app"; sourceTree = BUILT_PRODUCTS_DIR; };
		968193611B7F7ADB00867649 /* Info.plist */ = {isa = PBXFileReference; lastKnownFileType = text.plist.xml; path = Info.plist; sourceTree = "<group>"; };
		968193621B7F7ADB00867649 /* main.m */ = {isa = PBXFileReference; lastKnownFileType = sourcecode.c.objc; path = main.m; sourceTree = "<group>"; };
		968193641B7F7ADB00867649 /* AppDelegate.h */ = {isa = PBXFileReference; lastKnownFileType = sourcecode.c.h; path = AppDelegate.h; sourceTree = "<group>"; };
		968193651B7F7ADB00867649 /* AppDelegate.m */ = {isa = PBXFileReference; lastKnownFileType = sourcecode.c.objc; path = AppDelegate.m; sourceTree = "<group>"; };
		968193671B7F7ADB00867649 /* ViewController.h */ = {isa = PBXFileReference; lastKnownFileType = sourcecode.c.h; path = ViewController.h; sourceTree = "<group>"; };
		968193681B7F7ADB00867649 /* ViewController.m */ = {isa = PBXFileReference; lastKnownFileType = sourcecode.c.objc; path = ViewController.m; sourceTree = "<group>"; };
		9681936B1B7F7ADB00867649 /* Base */ = {isa = PBXFileReference; lastKnownFileType = file.storyboard; name = Base; path = Base.lproj/Main.storyboard; sourceTree = "<group>"; };
		9681936D1B7F7ADB00867649 /* Images.xcassets */ = {isa = PBXFileReference; lastKnownFileType = folder.assetcatalog; path = Images.xcassets; sourceTree = "<group>"; };
		968193701B7F7ADB00867649 /* Base */ = {isa = PBXFileReference; lastKnownFileType = file.xib; name = Base; path = Base.lproj/LaunchScreen.xib; sourceTree = "<group>"; };
		968193761B7F7ADB00867649 /* kidkeeper-iosTests.xctest */ = {isa = PBXFileReference; explicitFileType = wrapper.cfbundle; includeInIndex = 0; path = "kidkeeper-iosTests.xctest"; sourceTree = BUILT_PRODUCTS_DIR; };
		9681937B1B7F7ADB00867649 /* Info.plist */ = {isa = PBXFileReference; lastKnownFileType = text.plist.xml; path = Info.plist; sourceTree = "<group>"; };
		9681937C1B7F7ADB00867649 /* kidkeeper_iosTests.m */ = {isa = PBXFileReference; lastKnownFileType = sourcecode.c.objc; path = kidkeeper_iosTests.m; sourceTree = "<group>"; };
/* End PBXFileReference section */

/* Begin PBXFrameworksBuildPhase section */
		9681935A1B7F7ADA00867649 /* Frameworks */ = {
			isa = PBXFrameworksBuildPhase;
			buildActionMask = 2147483647;
			files = (
			);
			runOnlyForDeploymentPostprocessing = 0;
		};
		968193731B7F7ADB00867649 /* Frameworks */ = {
			isa = PBXFrameworksBuildPhase;
			buildActionMask = 2147483647;
			files = (
			);
			runOnlyForDeploymentPostprocessing = 0;
		};
/* End PBXFrameworksBuildPhase section */

/* Begin PBXGroup section */
		968193541B7F7ADA00867649 = {
			isa = PBXGroup;
			children = (
				9681935F1B7F7ADB00867649 /* kidkeeper-ios */,
				968193791B7F7ADB00867649 /* kidkeeper-iosTests */,
				9681935E1B7F7ADB00867649 /* Products */,
			);
			sourceTree = "<group>";
		};
		9681935E1B7F7ADB00867649 /* Products */ = {
			isa = PBXGroup;
			children = (
				9681935D1B7F7ADB00867649 /* kidkeeper-ios.app */,
				968193761B7F7ADB00867649 /* kidkeeper-iosTests.xctest */,
			);
			name = Products;
			sourceTree = "<group>";
		};
		9681935F1B7F7ADB00867649 /* kidkeeper-ios */ = {
			isa = PBXGroup;
			children = (
				968193641B7F7ADB00867649 /* AppDelegate.h */,
				968193651B7F7ADB00867649 /* AppDelegate.m */,
				968193671B7F7ADB00867649 /* ViewController.h */,
				968193681B7F7ADB00867649 /* ViewController.m */,
				9681936A1B7F7ADB00867649 /* Main.storyboard */,
				9681936D1B7F7ADB00867649 /* Images.xcassets */,
				9681936F1B7F7ADB00867649 /* LaunchScreen.xib */,
				968193601B7F7ADB00867649 /* Supporting Files */,
			);
			path = "kidkeeper-ios";
			sourceTree = "<group>";
		};
		968193601B7F7ADB00867649 /* Supporting Files */ = {
			isa = PBXGroup;
			children = (
				968193611B7F7ADB00867649 /* Info.plist */,
				968193621B7F7ADB00867649 /* main.m */,
			);
			name = "Supporting Files";
			sourceTree = "<group>";
		};
		968193791B7F7ADB00867649 /* kidkeeper-iosTests */ = {
			isa = PBXGroup;
			children = (
				9681937C1B7F7ADB00867649 /* kidkeeper_iosTests.m */,
				9681937A1B7F7ADB00867649 /* Supporting Files */,
			);
			path = "kidkeeper-iosTests";
			sourceTree = "<group>";
		};
		9681937A1B7F7ADB00867649 /* Supporting Files */ = {
			isa = PBXGroup;
			children = (
				9681937B1B7F7ADB00867649 /* Info.plist */,
			);
			name = "Supporting Files";
			sourceTree = "<group>";
		};
/* End PBXGroup section */

/* Begin PBXNativeTarget section */
		9681935C1B7F7ADA00867649 /* kidkeeper-ios */ = {
			isa = PBXNativeTarget;
			buildConfigurationList = 968193801B7F7ADB00867649 /* Build configuration list for PBXNativeTarget "kidkeeper-ios" */;
			buildPhases = (
				968193591B7F7ADA00867649 /* Sources */,
				9681935A1B7F7ADA00867649 /* Frameworks */,
				9681935B1B7F7ADA00867649 /* Resources */,
			);
			buildRules = (
			);
			dependencies = (
			);
			name = "kidkeeper-ios";
			productName = "kidkeeper-ios";
			productReference = 9681935D1B7F7ADB00867649 /* kidkeeper-ios.app */;
			productType = "com.apple.product-type.application";
		};
		968193751B7F7ADB00867649 /* kidkeeper-iosTests */ = {
			isa = PBXNativeTarget;
			buildConfigurationList = 968193831B7F7ADB00867649 /* Build configuration list for PBXNativeTarget "kidkeeper-iosTests" */;
			buildPhases = (
				968193721B7F7ADB00867649 /* Sources */,
				968193731B7F7ADB00867649 /* Frameworks */,
				968193741B7F7ADB00867649 /* Resources */,
			);
			buildRules = (
			);
			dependencies = (
				968193781B7F7ADB00867649 /* PBXTargetDependency */,
			);
			name = "kidkeeper-iosTests";
			productName = "kidkeeper-iosTests";
			productReference = 968193761B7F7ADB00867649 /* kidkeeper-iosTests.xctest */;
			productType = "com.apple.product-type.bundle.unit-test";
		};
/* End PBXNativeTarget section */

/* Begin PBXProject section */
		968193551B7F7ADA00867649 /* Project object */ = {
			isa = PBXProject;
			attributes = {
				LastUpgradeCheck = 0640;
				ORGANIZATIONNAME = "Peiliang Guo";
				TargetAttributes = {
					9681935C1B7F7ADA00867649 = {
						CreatedOnToolsVersion = 6.4;
					};
					968193751B7F7ADB00867649 = {
						CreatedOnToolsVersion = 6.4;
						TestTargetID = 9681935C1B7F7ADA00867649;
					};
				};
			};
			buildConfigurationList = 968193581B7F7ADA00867649 /* Build configuration list for PBXProject "kidkeeper-ios" */;
			compatibilityVersion = "Xcode 3.2";
			developmentRegion = English;
			hasScannedForEncodings = 0;
			knownRegions = (
				en,
				Base,
			);
			mainGroup = 968193541B7F7ADA00867649;
			productRefGroup = 9681935E1B7F7ADB00867649 /* Products */;
			projectDirPath = "";
			projectRoot = "";
			targets = (
				9681935C1B7F7ADA00867649 /* kidkeeper-ios */,
				968193751B7F7ADB00867649 /* kidkeeper-iosTests */,
			);
		};
/* End PBXProject section */

/* Begin PBXResourcesBuildPhase section */
		9681935B1B7F7ADA00867649 /* Resources */ = {
			isa = PBXResourcesBuildPhase;
			buildActionMask = 2147483647;
			files = (
				9681936C1B7F7ADB00867649 /* Main.storyboard in Resources */,
				968193711B7F7ADB00867649 /* LaunchScreen.xib in Resources */,
				9681936E1B7F7ADB00867649 /* Images.xcassets in Resources */,
			);
			runOnlyForDeploymentPostprocessing = 0;
		};
		968193741B7F7ADB00867649 /* Resources */ = {
			isa = PBXResourcesBuildPhase;
			buildActionMask = 2147483647;
			files = (
			);
			runOnlyForDeploymentPostprocessing = 0;
		};
/* End PBXResourcesBuildPhase section */

/* Begin PBXSourcesBuildPhase section */
		968193591B7F7ADA00867649 /* Sources */ = {
			isa = PBXSourcesBuildPhase;
			buildActionMask = 2147483647;
			files = (
				968193691B7F7ADB00867649 /* ViewController.m in Sources */,
				968193661B7F7ADB00867649 /* AppDelegate.m in Sources */,
				968193631B7F7ADB00867649 /* main.m in Sources */,
			);
			runOnlyForDeploymentPostprocessing = 0;
		};
		968193721B7F7ADB00867649 /* Sources */ = {
			isa = PBXSourcesBuildPhase;
			buildActionMask = 2147483647;
			files = (
				9681937D1B7F7ADB00867649 /* kidkeeper_iosTests.m in Sources */,
			);
			runOnlyForDeploymentPostprocessing = 0;
		};
/* End PBXSourcesBuildPhase section */

/* Begin PBXTargetDependency section */
		968193781B7F7ADB00867649 /* PBXTargetDependency */ = {
			isa = PBXTargetDependency;
			target = 9681935C1B7F7ADA00867649 /* kidkeeper-ios */;
			targetProxy = 968193771B7F7ADB00867649 /* PBXContainerItemProxy */;
		};
/* End PBXTargetDependency section */

/* Begin PBXVariantGroup section */
		9681936A1B7F7ADB00867649 /* Main.storyboard */ = {
			isa = PBXVariantGroup;
			children = (
				9681936B1B7F7ADB00867649 /* Base */,
			);
			name = Main.storyboard;
			sourceTree = "<group>";
		};
		9681936F1B7F7ADB00867649 /* LaunchScreen.xib */ = {
			isa = PBXVariantGroup;
			children = (
				968193701B7F7ADB00867649 /* Base */,
			);
			name = LaunchScreen.xib;
			sourceTree = "<group>";
		};
/* End PBXVariantGroup section */

/* Begin XCBuildConfiguration section */
		9681937E1B7F7ADB00867649 /* Debug */ = {
			isa = XCBuildConfiguration;
			buildSettings = {
				ALWAYS_SEARCH_USER_PATHS = NO;
				CLANG_CXX_LANGUAGE_STANDARD = "gnu++0x";
				CLANG_CXX_LIBRARY = "libc++";
				CLANG_ENABLE_MODULES = YES;
				CLANG_ENABLE_OBJC_ARC = YES;
				CLANG_WARN_BOOL_CONVERSION = YES;
				CLANG_WARN_CONSTANT_CONVERSION = YES;
				CLANG_WARN_DIRECT_OBJC_ISA_USAGE = YES_ERROR;
				CLANG_WARN_EMPTY_BODY = YES;
				CLANG_WARN_ENUM_CONVERSION = YES;
				CLANG_WARN_INT_CONVERSION = YES;
				CLANG_WARN_OBJC_ROOT_CLASS = YES_ERROR;
				CLANG_WARN_UNREACHABLE_CODE = YES;
				CLANG_WARN__DUPLICATE_METHOD_MATCH = YES;
				"CODE_SIGN_IDENTITY[sdk=iphoneos*]" = "iPhone Developer";
				COPY_PHASE_STRIP = NO;
				DEBUG_INFORMATION_FORMAT = "dwarf-with-dsym";
				ENABLE_STRICT_OBJC_MSGSEND = YES;
				GCC_C_LANGUAGE_STANDARD = gnu99;
				GCC_DYNAMIC_NO_PIC = NO;
				GCC_NO_COMMON_BLOCKS = YES;
				GCC_OPTIMIZATION_LEVEL = 0;
				GCC_PREPROCESSOR_DEFINITIONS = (
					"DEBUG=1",
					"$(inherited)",
				);
				GCC_SYMBOLS_PRIVATE_EXTERN = NO;
				GCC_WARN_64_TO_32_BIT_CONVERSION = YES;
				GCC_WARN_ABOUT_RETURN_TYPE = YES_ERROR;
				GCC_WARN_UNDECLARED_SELECTOR = YES;
				GCC_WARN_UNINITIALIZED_AUTOS = YES_AGGRESSIVE;
				GCC_WARN_UNUSED_FUNCTION = YES;
				GCC_WARN_UNUSED_VARIABLE = YES;
				IPHONEOS_DEPLOYMENT_TARGET = 8.4;
				MTL_ENABLE_DEBUG_INFO = YES;
				ONLY_ACTIVE_ARCH = YES;
				SDKROOT = iphoneos;
				TARGETED_DEVICE_FAMILY = "1,2";
			};
			name = Debug;
		};
		9681937F1B7F7ADB00867649 /* Release */ = {
			isa = XCBuildConfiguration;
			buildSettings = {
				ALWAYS_SEARCH_USER_PATHS = NO;
				CLANG_CXX_LANGUAGE_STANDARD = "gnu++0x";
				CLANG_CXX_LIBRARY = "libc++";
				CLANG_ENABLE_MODULES = YES;
				CLANG_ENABLE_OBJC_ARC = YES;
				CLANG_WARN_BOOL_CONVERSION = YES;
				CLANG_WARN_CONSTANT_CONVERSION = YES;
				CLANG_WARN_DIRECT_OBJC_ISA_USAGE = YES_ERROR;
				CLANG_WARN_EMPTY_BODY = YES;
				CLANG_WARN_ENUM_CONVERSION = YES;
				CLANG_WARN_INT_CONVERSION = YES;
				CLANG_WARN_OBJC_ROOT_CLASS = YES_ERROR;
				CLANG_WARN_UNREACHABLE_CODE = YES;
				CLANG_WARN__DUPLICATE_METHOD_MATCH = YES;
				"CODE_SIGN_IDENTITY[sdk=iphoneos*]" = "iPhone Developer";
				COPY_PHASE_STRIP = NO;
				DEBUG_INFORMATION_FORMAT = "dwarf-with-dsym";
				ENABLE_NS_ASSERTIONS = NO;
				ENABLE_STRICT_OBJC_MSGSEND = YES;
				GCC_C_LANGUAGE_STANDARD = gnu99;
				GCC_NO_COMMON_BLOCKS = YES;
				GCC_WARN_64_TO_32_BIT_CONVERSION = YES;
				GCC_WARN_ABOUT_RETURN_TYPE = YES_ERROR;
				GCC_WARN_UNDECLARED_SELECTOR = YES;
				GCC_WARN_UNINITIALIZED_AUTOS = YES_AGGRESSIVE;
				GCC_WARN_UNUSED_FUNCTION = YES;
				GCC_WARN_UNUSED_VARIABLE = YES;
				IPHONEOS_DEPLOYMENT_TARGET = 8.4;
				MTL_ENABLE_DEBUG_INFO = NO;
				SDKROOT = iphoneos;
				TARGETED_DEVICE_FAMILY = "1,2";
				VALIDATE_PRODUCT = YES;
			};
			name = Release;
		};
		968193811B7F7ADB00867649 /* Debug */ = {
			isa = XCBuildConfiguration;
			buildSettings = {
				ASSETCATALOG_COMPILER_APPICON_NAME = AppIcon;
				INFOPLIST_FILE = "kidkeeper-ios/Info.plist";
				LD_RUNPATH_SEARCH_PATHS = "$(inherited) @executable_path/Frameworks";
				PRODUCT_NAME = "$(TARGET_NAME)";
			};
			name = Debug;
		};
		968193821B7F7ADB00867649 /* Release */ = {
			isa = XCBuildConfiguration;
			buildSettings = {
				ASSETCATALOG_COMPILER_APPICON_NAME = AppIcon;
				INFOPLIST_FILE = "kidkeeper-ios/Info.plist";
				LD_RUNPATH_SEARCH_PATHS = "$(inherited) @executable_path/Frameworks";
				PRODUCT_NAME = "$(TARGET_NAME)";
			};
			name = Release;
		};
		968193841B7F7ADB00867649 /* Debug */ = {
			isa = XCBuildConfiguration;
			buildSettings = {
				BUNDLE_LOADER = "$(TEST_HOST)";
				FRAMEWORK_SEARCH_PATHS = (
					"$(SDKROOT)/Developer/Library/Frameworks",
					"$(inherited)",
				);
				GCC_PREPROCESSOR_DEFINITIONS = (
					"DEBUG=1",
					"$(inherited)",
				);
				INFOPLIST_FILE = "kidkeeper-iosTests/Info.plist";
				LD_RUNPATH_SEARCH_PATHS = "$(inherited) @executable_path/Frameworks @loader_path/Frameworks";
				PRODUCT_NAME = "$(TARGET_NAME)";
				TEST_HOST = "$(BUILT_PRODUCTS_DIR)/kidkeeper-ios.app/kidkeeper-ios";
			};
			name = Debug;
		};
		968193851B7F7ADB00867649 /* Release */ = {
			isa = XCBuildConfiguration;
			buildSettings = {
				BUNDLE_LOADER = "$(TEST_HOST)";
				FRAMEWORK_SEARCH_PATHS = (
					"$(SDKROOT)/Developer/Library/Frameworks",
					"$(inherited)",
				);
				INFOPLIST_FILE = "kidkeeper-iosTests/Info.plist";
				LD_RUNPATH_SEARCH_PATHS = "$(inherited) @executable_path/Frameworks @loader_path/Frameworks";
				PRODUCT_NAME = "$(TARGET_NAME)";
				TEST_HOST = "$(BUILT_PRODUCTS_DIR)/kidkeeper-ios.app/kidkeeper-ios";
			};
			name = Release;
		};
/* End XCBuildConfiguration section */

/* Begin XCConfigurationList section */
		968193581B7F7ADA00867649 /* Build configuration list for PBXProject "kidkeeper-ios" */ = {
			isa = XCConfigurationList;
			buildConfigurations = (
				9681937E1B7F7ADB00867649 /* Debug */,
				9681937F1B7F7ADB00867649 /* Release */,
			);
			defaultConfigurationIsVisible = 0;
			defaultConfigurationName = Release;
		};
		968193801B7F7ADB00867649 /* Build configuration list for PBXNativeTarget "kidkeeper-ios" */ = {
			isa = XCConfigurationList;
			buildConfigurations = (
				968193811B7F7ADB00867649 /* Debug */,
				968193821B7F7ADB00867649 /* Release */,
			);
			defaultConfigurationIsVisible = 0;
		};
		968193831B7F7ADB00867649 /* Build configuration list for PBXNativeTarget "kidkeeper-iosTests" */ = {
			isa = XCConfigurationList;
			buildConfigurations = (
				968193841B7F7ADB00867649 /* Debug */,
				968193851B7F7ADB00867649 /* Release */,
			);
			defaultConfigurationIsVisible = 0;
		};
/* End XCConfigurationList section */
	};
	rootObject = 968193551B7F7ADA00867649 /* Project object */;
}
